lockfileVersion: '6.0'

settings:
  autoInstallPeers: true
  excludeLinksFromLockfile: false

dependencies:
  nanoid:
    specifier: ^5.0.3
    version: 5.0.3

devDependencies:
  '@types/react':
    specifier: ^18.2.37
    version: 18.2.37
  ai:
    specifier: ^2.2.24
    version: 2.2.24(react@18.2.0)(solid-js@1.8.5)(svelte@4.2.5)(vue@3.3.8)
  jotai:
    specifier: ^2.5.1
    version: 2.5.1(@types/react@18.2.37)(react@18.2.0)
  react:
    specifier: ^18.2.0
    version: 18.2.0
  typescript:
    specifier: ^5.2.2
    version: 5.2.2

packages:

  /@ampproject/remapping@2.2.1:
    resolution: {integrity: sha512-lFMjJTrFL3j7L9yBxwYfCq2k6qqwHyzuUl/XBnif78PWTJYyL/dfowQHWE3sp6U6ZzqWiiIZnpTMO96zhkjwtg==}
    engines: {node: '>=6.0.0'}
    dependencies:
      '@jridgewell/gen-mapping': 0.3.3
      '@jridgewell/trace-mapping': 0.3.20
    dev: true

  /@babel/helper-string-parser@7.22.5:
    resolution: {integrity: sha512-mM4COjgZox8U+JcXQwPijIZLElkgEpO5rsERVDJTc2qfCDfERyob6k5WegS14SX18IIjv+XD+GrqNumY5JRCDw==}
    engines: {node: '>=6.9.0'}
    dev: true

  /@babel/helper-validator-identifier@7.22.20:
    resolution: {integrity: sha512-Y4OZ+ytlatR8AI+8KZfKuL5urKp7qey08ha31L8b3BwewJAoJamTzyvxPR/5D+KkdJCGPq/+8TukHBlY10FX9A==}
    engines: {node: '>=6.9.0'}
    dev: true

  /@babel/parser@7.23.3:
    resolution: {integrity: sha512-uVsWNvlVsIninV2prNz/3lHCb+5CJ+e+IUBfbjToAHODtfGYLfCFuY4AU7TskI+dAKk+njsPiBjq1gKTvZOBaw==}
    engines: {node: '>=6.0.0'}
    hasBin: true
    dependencies:
      '@babel/types': 7.23.3
    dev: true

  /@babel/types@7.23.3:
    resolution: {integrity: sha512-OZnvoH2l8PK5eUvEcUyCt/sXgr/h+UWpVuBbOljwcrAgUl6lpchoQ++PHGyQy1AtYnVA6CEq3y5xeEI10brpXw==}
    engines: {node: '>=6.9.0'}
    dependencies:
      '@babel/helper-string-parser': 7.22.5
      '@babel/helper-validator-identifier': 7.22.20
      to-fast-properties: 2.0.0
    dev: true

  /@jridgewell/gen-mapping@0.3.3:
    resolution: {integrity: sha512-HLhSWOLRi875zjjMG/r+Nv0oCW8umGb0BgEhyX3dDX3egwZtB8PqLnjz3yedt8R5StBrzcg4aBpnh8UA9D1BoQ==}
    engines: {node: '>=6.0.0'}
    dependencies:
      '@jridgewell/set-array': 1.1.2
      '@jridgewell/sourcemap-codec': 1.4.15
      '@jridgewell/trace-mapping': 0.3.20
    dev: true

  /@jridgewell/resolve-uri@3.1.1:
    resolution: {integrity: sha512-dSYZh7HhCDtCKm4QakX0xFpsRDqjjtZf/kjI/v3T3Nwt5r8/qz/M19F9ySyOqU94SXBmeG9ttTul+YnR4LOxFA==}
    engines: {node: '>=6.0.0'}
    dev: true

  /@jridgewell/set-array@1.1.2:
    resolution: {integrity: sha512-xnkseuNADM0gt2bs+BvhO0p78Mk762YnZdsuzFV018NoG1Sj1SCQvpSqa7XUaTam5vAGasABV9qXASMKnFMwMw==}
    engines: {node: '>=6.0.0'}
    dev: true

  /@jridgewell/sourcemap-codec@1.4.15:
    resolution: {integrity: sha512-eF2rxCRulEKXHTRiDrDy6erMYWqNw4LPdQ8UQA4huuxaQsVeRPFl2oM8oDGxMFhJUWZf9McpLtJasDDZb/Bpeg==}
    dev: true

  /@jridgewell/trace-mapping@0.3.20:
    resolution: {integrity: sha512-R8LcPeWZol2zR8mmH3JeKQ6QRCFb7XgUhV9ZlGhHLGyg4wpPiPZNQOOWhFZhxKw8u//yTbNGI42Bx/3paXEQ+Q==}
    dependencies:
      '@jridgewell/resolve-uri': 3.1.1
      '@jridgewell/sourcemap-codec': 1.4.15
    dev: true

  /@types/estree@1.0.5:
    resolution: {integrity: sha512-/kYRxGDLWzHOB7q+wtSUQlFrtcdUccpfy+X+9iMBpHK8QLLhx2wIPYuS5DYtR9Wa/YlZAbIovy7qVdB1Aq6Lyw==}
    dev: true

  /@types/prop-types@15.7.10:
    resolution: {integrity: sha512-mxSnDQxPqsZxmeShFH+uwQ4kO4gcJcGahjjMFeLbKE95IAZiiZyiEepGZjtXJ7hN/yfu0bu9xN2ajcU0JcxX6A==}
    dev: true

  /@types/react@18.2.37:
    resolution: {integrity: sha512-RGAYMi2bhRgEXT3f4B92WTohopH6bIXw05FuGlmJEnv/omEn190+QYEIYxIAuIBdKgboYYdVved2p1AxZVQnaw==}
    dependencies:
      '@types/prop-types': 15.7.10
      '@types/scheduler': 0.16.6
      csstype: 3.1.2
    dev: true

  /@types/scheduler@0.16.6:
    resolution: {integrity: sha512-Vlktnchmkylvc9SnwwwozTv04L/e1NykF5vgoQ0XTmI8DD+wxfjQuHuvHS3p0r2jz2x2ghPs2h1FVeDirIteWA==}
    dev: true

  /@vue/compiler-core@3.3.8:
    resolution: {integrity: sha512-hN/NNBUECw8SusQvDSqqcVv6gWq8L6iAktUR0UF3vGu2OhzRqcOiAno0FmBJWwxhYEXRlQJT5XnoKsVq1WZx4g==}
    dependencies:
      '@babel/parser': 7.23.3
      '@vue/shared': 3.3.8
      estree-walker: 2.0.2
      source-map-js: 1.0.2
    dev: true

  /@vue/compiler-dom@3.3.8:
    resolution: {integrity: sha512-+PPtv+p/nWDd0AvJu3w8HS0RIm/C6VGBIRe24b9hSyNWOAPEUosFZ5diwawwP8ip5sJ8n0Pe87TNNNHnvjs0FQ==}
    dependencies:
      '@vue/compiler-core': 3.3.8
      '@vue/shared': 3.3.8
    dev: true

  /@vue/compiler-sfc@3.3.8:
    resolution: {integrity: sha512-WMzbUrlTjfYF8joyT84HfwwXo+8WPALuPxhy+BZ6R4Aafls+jDBnSz8PDz60uFhuqFbl3HxRfxvDzrUf3THwpA==}
    dependencies:
      '@babel/parser': 7.23.3
      '@vue/compiler-core': 3.3.8
      '@vue/compiler-dom': 3.3.8
      '@vue/compiler-ssr': 3.3.8
      '@vue/reactivity-transform': 3.3.8
      '@vue/shared': 3.3.8
      estree-walker: 2.0.2
      magic-string: 0.30.5
      postcss: 8.4.31
      source-map-js: 1.0.2
    dev: true

  /@vue/compiler-ssr@3.3.8:
    resolution: {integrity: sha512-hXCqQL/15kMVDBuoBYpUnSYT8doDNwsjvm3jTefnXr+ytn294ySnT8NlsFHmTgKNjwpuFy7XVV8yTeLtNl/P6w==}
    dependencies:
      '@vue/compiler-dom': 3.3.8
      '@vue/shared': 3.3.8
    dev: true

  /@vue/reactivity-transform@3.3.8:
    resolution: {integrity: sha512-49CvBzmZNtcHua0XJ7GdGifM8GOXoUMOX4dD40Y5DxI3R8OUhMlvf2nvgUAcPxaXiV5MQQ1Nwy09ADpnLQUqRw==}
    dependencies:
      '@babel/parser': 7.23.3
      '@vue/compiler-core': 3.3.8
      '@vue/shared': 3.3.8
      estree-walker: 2.0.2
      magic-string: 0.30.5
    dev: true

  /@vue/reactivity@3.3.8:
    resolution: {integrity: sha512-ctLWitmFBu6mtddPyOKpHg8+5ahouoTCRtmAHZAXmolDtuZXfjL2T3OJ6DL6ezBPQB1SmMnpzjiWjCiMYmpIuw==}
    dependencies:
      '@vue/shared': 3.3.8
    dev: true

  /@vue/runtime-core@3.3.8:
    resolution: {integrity: sha512-qurzOlb6q26KWQ/8IShHkMDOuJkQnQcTIp1sdP4I9MbCf9FJeGVRXJFr2mF+6bXh/3Zjr9TDgURXrsCr9bfjUw==}
    dependencies:
      '@vue/reactivity': 3.3.8
      '@vue/shared': 3.3.8
    dev: true

  /@vue/runtime-dom@3.3.8:
    resolution: {integrity: sha512-Noy5yM5UIf9UeFoowBVgghyGGPIDPy1Qlqt0yVsUdAVbqI8eeMSsTqBtauaEoT2UFXUk5S64aWVNJN4MJ2vRdA==}
    dependencies:
      '@vue/runtime-core': 3.3.8
      '@vue/shared': 3.3.8
      csstype: 3.1.2
    dev: true

  /@vue/server-renderer@3.3.8(vue@3.3.8):
    resolution: {integrity: sha512-zVCUw7RFskvPuNlPn/8xISbrf0zTWsTSdYTsUTN1ERGGZGVnRxM2QZ3x1OR32+vwkkCm0IW6HmJ49IsPm7ilLg==}
    peerDependencies:
      vue: 3.3.8
    dependencies:
      '@vue/compiler-ssr': 3.3.8
      '@vue/shared': 3.3.8
      vue: 3.3.8(typescript@5.2.2)
    dev: true

  /@vue/shared@3.3.8:
    resolution: {integrity: sha512-8PGwybFwM4x8pcfgqEQFy70NaQxASvOC5DJwLQfpArw1UDfUXrJkdxD3BhVTMS+0Lef/TU7YO0Jvr0jJY8T+mw==}
    dev: true

  /acorn@8.11.2:
    resolution: {integrity: sha512-nc0Axzp/0FILLEVsm4fNwLCwMttvhEI263QtVPQcbpfZZ3ts0hLsZGOpE6czNlid7CJ9MlyH8reXkpsf3YUY4w==}
    engines: {node: '>=0.4.0'}
    hasBin: true
    dev: true

  /ai@2.2.24(react@18.2.0)(solid-js@1.8.5)(svelte@4.2.5)(vue@3.3.8):
    resolution: {integrity: sha512-j9f89SC08SxN50wKp4ccIGniUMtCsslvOBbYGBCSIvDbMBQaNTZuKW4Id8tmfEeNMV9mwZZ5wRNj6/1Z/pFwYA==}
    engines: {node: '>=14.6'}
    peerDependencies:
      react: ^18.2.0
      solid-js: ^1.7.7
      svelte: ^3.0.0 || ^4.0.0
      vue: ^3.3.4
    peerDependenciesMeta:
      react:
        optional: true
      solid-js:
        optional: true
      svelte:
        optional: true
      vue:
        optional: true
    dependencies:
      eventsource-parser: 1.0.0
      nanoid: 3.3.6
      react: 18.2.0
      solid-js: 1.8.5
      solid-swr-store: 0.10.7(solid-js@1.8.5)(swr-store@0.10.6)
      sswr: 2.0.0(svelte@4.2.5)
      svelte: 4.2.5
      swr: 2.2.0(react@18.2.0)
      swr-store: 0.10.6
      swrv: 1.0.4(vue@3.3.8)
      vue: 3.3.8(typescript@5.2.2)
    dev: true

  /aria-query@5.3.0:
    resolution: {integrity: sha512-b0P0sZPKtyu8HkeRAfCq0IfURZK+SuwMjY1UXGBU27wpAiTwQAIlq56IbIO+ytk/JjS1fMR14ee5WBBfKi5J6A==}
    dependencies:
      dequal: 2.0.3
    dev: true

  /axobject-query@3.2.1:
    resolution: {integrity: sha512-jsyHu61e6N4Vbz/v18DHwWYKK0bSWLqn47eeDSKPB7m8tqMHF9YJ+mhIk2lVteyZrY8tnSj/jHOv4YiTCuCJgg==}
    dependencies:
      dequal: 2.0.3
    dev: true

  /code-red@1.0.4:
    resolution: {integrity: sha512-7qJWqItLA8/VPVlKJlFXU+NBlo/qyfs39aJcuMT/2ere32ZqvF5OSxgdM5xOfJJ7O429gg2HM47y8v9P+9wrNw==}
    dependencies:
      '@jridgewell/sourcemap-codec': 1.4.15
      '@types/estree': 1.0.5
      acorn: 8.11.2
      estree-walker: 3.0.3
      periscopic: 3.1.0
    dev: true

  /css-tree@2.3.1:
    resolution: {integrity: sha512-6Fv1DV/TYw//QF5IzQdqsNDjx/wc8TrMBZsqjL9eW01tWb7R7k/mq+/VXfJCl7SoD5emsJop9cOByJZfs8hYIw==}
    engines: {node: ^10 || ^12.20.0 || ^14.13.0 || >=15.0.0}
    dependencies:
      mdn-data: 2.0.30
      source-map-js: 1.0.2
    dev: true

  /csstype@3.1.2:
    resolution: {integrity: sha512-I7K1Uu0MBPzaFKg4nI5Q7Vs2t+3gWWW648spaF+Rg7pI9ds18Ugn+lvg4SHczUdKlHI5LWBXyqfS8+DufyBsgQ==}
    dev: true

  /dequal@2.0.3:
    resolution: {integrity: sha512-0je+qPKHEMohvfRTCEo3CrPG6cAzAYgmzKyxRiYSSDkS6eGJdyVJm7WaYA5ECaAD9wLB2T4EEeymA5aFVcYXCA==}
    engines: {node: '>=6'}
    dev: true

  /estree-walker@2.0.2:
    resolution: {integrity: sha512-Rfkk/Mp/DL7JVje3u18FxFujQlTNR2q6QfMSMB7AvCBx91NGj/ba3kCfza0f6dVDbw7YlRf/nDrn7pQrCCyQ/w==}
    dev: true

  /estree-walker@3.0.3:
    resolution: {integrity: sha512-7RUKfXgSMMkzt6ZuXmqapOurLGPPfgj6l9uRZ7lRGolvk0y2yocc35LdcxKC5PQZdn2DMqioAQ2NoWcrTKmm6g==}
    dependencies:
      '@types/estree': 1.0.5
    dev: true

  /eventsource-parser@1.0.0:
    resolution: {integrity: sha512-9jgfSCa3dmEme2ES3mPByGXfgZ87VbP97tng1G2nWwWx6bV2nYxm2AWCrbQjXToSe+yYlqaZNtxffR9IeQr95g==}
    engines: {node: '>=14.18'}
    dev: true

  /is-reference@3.0.2:
    resolution: {integrity: sha512-v3rht/LgVcsdZa3O2Nqs+NMowLOxeOm7Ay9+/ARQ2F+qEoANRcqrjAZKGN0v8ymUetZGgkp26LTnGT7H0Qo9Pg==}
    dependencies:
      '@types/estree': 1.0.5
    dev: true

  /jotai@2.5.1(@types/react@18.2.37)(react@18.2.0):
    resolution: {integrity: sha512-vanPCCSuHczUXNbVh/iUunuMfrWRL4FdBtAbTRmrfqezJcKb8ybBTg8iivyYuUHapjcDETyJe1E4inlo26bVHA==}
    engines: {node: '>=12.20.0'}
    peerDependencies:
      '@types/react': '>=17.0.0'
      react: '>=17.0.0'
    peerDependenciesMeta:
      '@types/react':
        optional: true
      react:
        optional: true
    dependencies:
      '@types/react': 18.2.37
      react: 18.2.0
    dev: true

  /js-tokens@4.0.0:
    resolution: {integrity: sha512-RdJUflcE3cUzKiMqQgsCu06FPu9UdIJO0beYbPhHN4k6apgJtifcoCtT9bcxOpYBtpD2kCM6Sbzg4CausW/PKQ==}
    dev: true

  /locate-character@3.0.0:
    resolution: {integrity: sha512-SW13ws7BjaeJ6p7Q6CO2nchbYEc3X3J6WrmTTDto7yMPqVSZTUyY5Tjbid+Ab8gLnATtygYtiDIJGQRRn2ZOiA==}
    dev: true

  /loose-envify@1.4.0:
    resolution: {integrity: sha512-lyuxPGr/Wfhrlem2CL/UcnUc1zcqKAImBDzukY7Y5F/yQiNdko6+fRLevlw1HgMySw7f611UIY408EtxRSoK3Q==}
    hasBin: true
    dependencies:
      js-tokens: 4.0.0
    dev: true

  /magic-string@0.30.5:
    resolution: {integrity: sha512-7xlpfBaQaP/T6Vh8MO/EqXSW5En6INHEvEXQiuff7Gku0PWjU3uf6w/j9o7O+SpB5fOAkrI5HeoNgwjEO0pFsA==}
    engines: {node: '>=12'}
    dependencies:
      '@jridgewell/sourcemap-codec': 1.4.15
    dev: true

  /mdn-data@2.0.30:
    resolution: {integrity: sha512-GaqWWShW4kv/G9IEucWScBx9G1/vsFZZJUO+tD26M8J8z3Kw5RDQjaoZe03YAClgeS/SWPOcb4nkFBTEi5DUEA==}
    dev: true

  /nanoid@3.3.6:
    resolution: {integrity: sha512-BGcqMMJuToF7i1rt+2PWSNVnWIkGCU78jBG3RxO/bZlnZPK2Cmi2QaffxGO/2RvWi9sL+FAiRiXMgsyxQ1DIDA==}
    engines: {node: ^10 || ^12 || ^13.7 || ^14 || >=15.0.1}
    hasBin: true
    dev: true

  /nanoid@3.3.7:
    resolution: {integrity: sha512-eSRppjcPIatRIMC1U6UngP8XFcz8MQWGQdt1MTBQ7NaAmvXDfvNxbvWV3x2y6CdEUciCSsDHDQZbhYaB8QEo2g==}
    engines: {node: ^10 || ^12 || ^13.7 || ^14 || >=15.0.1}
    hasBin: true
    dev: true

  /nanoid@5.0.3:
    resolution: {integrity: sha512-I7X2b22cxA4LIHXPSqbBCEQSL+1wv8TuoefejsX4HFWyC6jc5JG7CEaxOltiKjc1M+YCS2YkrZZcj4+dytw9GA==}
    engines: {node: ^18 || >=20}
    hasBin: true
    dev: false

  /periscopic@3.1.0:
    resolution: {integrity: sha512-vKiQ8RRtkl9P+r/+oefh25C3fhybptkHKCZSPlcXiJux2tJF55GnEj3BVn4A5gKfq9NWWXXrxkHBwVPUfH0opw==}
    dependencies:
      '@types/estree': 1.0.5
      estree-walker: 3.0.3
      is-reference: 3.0.2
    dev: true

  /picocolors@1.0.0:
    resolution: {integrity: sha512-1fygroTLlHu66zi26VoTDv8yRgm0Fccecssto+MhsZ0D/DGW2sm8E8AjW7NU5VVTRt5GxbeZ5qBuJr+HyLYkjQ==}
    dev: true

  /postcss@8.4.31:
    resolution: {integrity: sha512-PS08Iboia9mts/2ygV3eLpY5ghnUcfLV/EXTOW1E2qYxJKGGBUtNjN76FYHnMs36RmARn41bC0AZmn+rR0OVpQ==}
    engines: {node: ^10 || ^12 || >=14}
    dependencies:
      nanoid: 3.3.7
      picocolors: 1.0.0
      source-map-js: 1.0.2
    dev: true

  /react@18.2.0:
    resolution: {integrity: sha512-/3IjMdb2L9QbBdWiW5e3P2/npwMBaU9mHCSCUzNln0ZCYbcfTsGbTJrU/kGemdH2IWmB2ioZ+zkxtmq6g09fGQ==}
    engines: {node: '>=0.10.0'}
    dependencies:
      loose-envify: 1.4.0
    dev: true

  /seroval@0.12.4:
    resolution: {integrity: sha512-JIsZHp98o+okpYN8HEPyI9Blr0gxAUPIGvg3waXrEMFjPz9obiLYMz0uFiUGezKiCK8loosYbn8WsqO8WtAJUA==}
    engines: {node: '>=10'}
    dev: true

  /solid-js@1.8.5:
    resolution: {integrity: sha512-xvtJvzJzWbsn35oKFhW9kNwaxG1Z/YLMsDp4tLVcYZTMPzvzQ8vEZuyDQ6nt7xDArVgZJ7TUFrJUwrui/oq53A==}
    dependencies:
      csstype: 3.1.2
      seroval: 0.12.4
    dev: true

  /solid-swr-store@0.10.7(solid-js@1.8.5)(swr-store@0.10.6):
    resolution: {integrity: sha512-A6d68aJmRP471aWqKKPE2tpgOiR5fH4qXQNfKIec+Vap+MGQm3tvXlT8n0I8UgJSlNAsSAUuw2VTviH2h3Vv5g==}
    engines: {node: '>=10'}
    peerDependencies:
      solid-js: ^1.2
      swr-store: ^0.10
    dependencies:
      solid-js: 1.8.5
      swr-store: 0.10.6
    dev: true

  /source-map-js@1.0.2:
    resolution: {integrity: sha512-R0XvVJ9WusLiqTCEiGCmICCMplcCkIwwR11mOSD9CR5u+IXYdiseeEuXCVAjS54zqwkLcPNnmU4OeJ6tUrWhDw==}
    engines: {node: '>=0.10.0'}
    dev: true

  /sswr@2.0.0(svelte@4.2.5):
    resolution: {integrity: sha512-mV0kkeBHcjcb0M5NqKtKVg/uTIYNlIIniyDfSGrSfxpEdM9C365jK0z55pl9K0xAkNTJi2OAOVFQpgMPUk+V0w==}
    peerDependencies:
      svelte: ^4.0.0
    dependencies:
      svelte: 4.2.5
      swrev: 4.0.0
    dev: true

  /svelte@4.2.5:
    resolution: {integrity: sha512-P9YPKsGkNdw4OJbtpd1uzimQHPj7Ai2sPcOHmmD6VgkFhFDmcYevQi7vE4cQ1g8/Vs64aL2TwMoCNFAzv7TPaQ==}
    engines: {node: '>=16'}
    dependencies:
      '@ampproject/remapping': 2.2.1
      '@jridgewell/sourcemap-codec': 1.4.15
      '@jridgewell/trace-mapping': 0.3.20
      acorn: 8.11.2
      aria-query: 5.3.0
      axobject-query: 3.2.1
      code-red: 1.0.4
      css-tree: 2.3.1
      estree-walker: 3.0.3
      is-reference: 3.0.2
      locate-character: 3.0.0
      magic-string: 0.30.5
      periscopic: 3.1.0
    dev: true

  /swr-store@0.10.6:
    resolution: {integrity: sha512-xPjB1hARSiRaNNlUQvWSVrG5SirCjk2TmaUyzzvk69SZQan9hCJqw/5rG9iL7xElHU784GxRPISClq4488/XVw==}
    engines: {node: '>=10'}
    dependencies:
      dequal: 2.0.3
    dev: true

  /swr@2.2.0(react@18.2.0):
    resolution: {integrity: sha512-AjqHOv2lAhkuUdIiBu9xbuettzAzWXmCEcLONNKJRba87WAefz8Ca9d6ds/SzrPc235n1IxWYdhJ2zF3MNUaoQ==}
    peerDependencies:
      react: ^16.11.0 || ^17.0.0 || ^18.0.0
    dependencies:
      react: 18.2.0
      use-sync-external-store: 1.2.0(react@18.2.0)
    dev: true

  /swrev@4.0.0:
    resolution: {integrity: sha512-LqVcOHSB4cPGgitD1riJ1Hh4vdmITOp+BkmfmXRh4hSF/t7EnS4iD+SOTmq7w5pPm/SiPeto4ADbKS6dHUDWFA==}
    dev: true

  /swrv@1.0.4(vue@3.3.8):
    resolution: {integrity: sha512-zjEkcP8Ywmj+xOJW3lIT65ciY/4AL4e/Or7Gj0MzU3zBJNMdJiT8geVZhINavnlHRMMCcJLHhraLTAiDOTmQ9g==}
    peerDependencies:
      vue: '>=3.2.26 < 4'
    dependencies:
      vue: 3.3.8(typescript@5.2.2)
    dev: true

  /to-fast-properties@2.0.0:
    resolution: {integrity: sha512-/OaKK0xYrs3DmxRYqL/yDc+FxFUVYhDlXMhRmv3z915w2HF1tnN1omB354j8VUGO/hbRzyD6Y3sA7v7GS/ceog==}
    engines: {node: '>=4'}
    dev: true

  /typescript@5.2.2:
    resolution: {integrity: sha512-mI4WrpHsbCIcwT9cF4FZvr80QUeKvsUsUvKDoR+X/7XHQH98xYD8YHZg7ANtz2GtZt/CBq2QJ0thkGJMHfqc1w==}
    engines: {node: '>=14.17'}
    hasBin: true
    dev: true

  /use-sync-external-store@1.2.0(react@18.2.0):
    resolution: {integrity: sha512-eEgnFxGQ1Ife9bzYs6VLi8/4X6CObHMw9Qr9tPY43iKwsPw8xE8+EFsf/2cFZ5S3esXgpWgtSCtLNS41F+sKPA==}
    peerDependencies:
      react: ^16.8.0 || ^17.0.0 || ^18.0.0
    dependencies:
      react: 18.2.0
    dev: true

  /vue@3.3.8(typescript@5.2.2):
    resolution: {integrity: sha512-5VSX/3DabBikOXMsxzlW8JyfeLKlG9mzqnWgLQLty88vdZL7ZJgrdgBOmrArwxiLtmS+lNNpPcBYqrhE6TQW5w==}
    peerDependencies:
      typescript: '*'
    peerDependenciesMeta:
      typescript:
        optional: true
    dependencies:
      '@vue/compiler-dom': 3.3.8
      '@vue/compiler-sfc': 3.3.8
      '@vue/runtime-dom': 3.3.8
      '@vue/server-renderer': 3.3.8(vue@3.3.8)
      '@vue/shared': 3.3.8
      typescript: 5.2.2
    dev: true
